// !$*UTF8*$!
{
	archiveVersion = 1;
	classes = {
	};
	objectVersion = 48;
	objects = {

/* Begin PBXBuildFile section */
		9260EF3020615A2400E7DD9C /* FirebaseAuth.swift in Sources */ = {isa = PBXBuildFile; fileRef = 9260EF2F20615A2400E7DD9C /* FirebaseAuth.swift */; };
		9260EF3220615AAC00E7DD9C /* NewUserViewController.swift in Sources */ = {isa = PBXBuildFile; fileRef = 9260EF3120615AAC00E7DD9C /* NewUserViewController.swift */; };
		9260EF3420615BAA00E7DD9C /* LoginScreenViewController.swift in Sources */ = {isa = PBXBuildFile; fileRef = 9260EF3320615BAA00E7DD9C /* LoginScreenViewController.swift */; };
		9260EF3620615C9100E7DD9C /* ResetEmailViewController.swift in Sources */ = {isa = PBXBuildFile; fileRef = 9260EF3520615C9100E7DD9C /* ResetEmailViewController.swift */; };
		9260EF3820615CCE00E7DD9C /* Extensions.swift in Sources */ = {isa = PBXBuildFile; fileRef = 9260EF3720615CCE00E7DD9C /* Extensions.swift */; };
		9260EF3A20615E0D00E7DD9C /* GoogleService-Info.plist in Resources */ = {isa = PBXBuildFile; fileRef = 9260EF3920615E0D00E7DD9C /* GoogleService-Info.plist */; };
		9260EF3C20616B2500E7DD9C /* SettingsViewController.swift in Sources */ = {isa = PBXBuildFile; fileRef = 9260EF3B20616B2500E7DD9C /* SettingsViewController.swift */; };
		9260EF3E2061703800E7DD9C /* NetworkCheck.swift in Sources */ = {isa = PBXBuildFile; fileRef = 9260EF3D2061703800E7DD9C /* NetworkCheck.swift */; };
		9260EF4020617A5500E7DD9C /* NetworkCommunicator.swift in Sources */ = {isa = PBXBuildFile; fileRef = 9260EF3F20617A5500E7DD9C /* NetworkCommunicator.swift */; };
		9260EF4220617F1700E7DD9C /* Bet.swift in Sources */ = {isa = PBXBuildFile; fileRef = 9260EF4120617F1700E7DD9C /* Bet.swift */; };
		92868D9520602F2900D2EEAB /* AppDelegate.swift in Sources */ = {isa = PBXBuildFile; fileRef = 92868D9420602F2900D2EEAB /* AppDelegate.swift */; };
		92868D9720602F2900D2EEAB /* ViewController.swift in Sources */ = {isa = PBXBuildFile; fileRef = 92868D9620602F2900D2EEAB /* ViewController.swift */; };
		92868D9A20602F2900D2EEAB /* Main.storyboard in Resources */ = {isa = PBXBuildFile; fileRef = 92868D9820602F2900D2EEAB /* Main.storyboard */; };
		92868D9C20602F2900D2EEAB /* Assets.xcassets in Resources */ = {isa = PBXBuildFile; fileRef = 92868D9B20602F2900D2EEAB /* Assets.xcassets */; };
		92868D9F20602F2900D2EEAB /* LaunchScreen.storyboard in Resources */ = {isa = PBXBuildFile; fileRef = 92868D9D20602F2900D2EEAB /* LaunchScreen.storyboard */; };
		92B3E6FA2060437B00114E72 /* VideoViewController.swift in Sources */ = {isa = PBXBuildFile; fileRef = 92B3E6F92060437B00114E72 /* VideoViewController.swift */; };
		92B3E6FC2060541D00114E72 /* PlaceBetViewController.swift in Sources */ = {isa = PBXBuildFile; fileRef = 92B3E6FB2060541D00114E72 /* PlaceBetViewController.swift */; };
		92B3E7002060586B00114E72 /* SharedBetManager.swift in Sources */ = {isa = PBXBuildFile; fileRef = 92B3E6FF2060586B00114E72 /* SharedBetManager.swift */; };
		92B3E70220607C4100114E72 /* SharedBetLogic.swift in Sources */ = {isa = PBXBuildFile; fileRef = 92B3E70120607C4100114E72 /* SharedBetLogic.swift */; };
		92B3E7042060890F00114E72 /* SelectRacerTableViewCell.swift in Sources */ = {isa = PBXBuildFile; fileRef = 92B3E7032060890F00114E72 /* SelectRacerTableViewCell.swift */; };
		B92926235A5A7A2C0B46C469 /* Pods_RoundersRacing.framework in Frameworks */ = {isa = PBXBuildFile; fileRef = A2B00ED090A383039514B79C /* Pods_RoundersRacing.framework */; };
/* End PBXBuildFile section */

/* Begin PBXFileReference section */
		76DC3FB3C12750E172D773E5 /* Pods-RoundersRacing.release.xcconfig */ = {isa = PBXFileReference; includeInIndex = 1; lastKnownFileType = text.xcconfig; name = "Pods-RoundersRacing.release.xcconfig"; path = "Pods/Target Support Files/Pods-RoundersRacing/Pods-RoundersRacing.release.xcconfig"; sourceTree = "<group>"; };
		9260EF2F20615A2400E7DD9C /* FirebaseAuth.swift */ = {isa = PBXFileReference; lastKnownFileType = sourcecode.swift; path = FirebaseAuth.swift; sourceTree = "<group>"; };
		9260EF3120615AAC00E7DD9C /* NewUserViewController.swift */ = {isa = PBXFileReference; lastKnownFileType = sourcecode.swift; path = NewUserViewController.swift; sourceTree = "<group>"; };
		9260EF3320615BAA00E7DD9C /* LoginScreenViewController.swift */ = {isa = PBXFileReference; lastKnownFileType = sourcecode.swift; path = LoginScreenViewController.swift; sourceTree = "<group>"; };
		9260EF3520615C9100E7DD9C /* ResetEmailViewController.swift */ = {isa = PBXFileReference; lastKnownFileType = sourcecode.swift; path = ResetEmailViewController.swift; sourceTree = "<group>"; };
		9260EF3720615CCE00E7DD9C /* Extensions.swift */ = {isa = PBXFileReference; lastKnownFileType = sourcecode.swift; path = Extensions.swift; sourceTree = "<group>"; };
		9260EF3920615E0D00E7DD9C /* GoogleService-Info.plist */ = {isa = PBXFileReference; fileEncoding = 4; lastKnownFileType = text.plist.xml; path = "GoogleService-Info.plist"; sourceTree = "<group>"; };
		9260EF3B20616B2500E7DD9C /* SettingsViewController.swift */ = {isa = PBXFileReference; lastKnownFileType = sourcecode.swift; path = SettingsViewController.swift; sourceTree = "<group>"; };
		9260EF3D2061703800E7DD9C /* NetworkCheck.swift */ = {isa = PBXFileReference; lastKnownFileType = sourcecode.swift; path = NetworkCheck.swift; sourceTree = "<group>"; };
		9260EF3F20617A5500E7DD9C /* NetworkCommunicator.swift */ = {isa = PBXFileReference; lastKnownFileType = sourcecode.swift; path = NetworkCommunicator.swift; sourceTree = "<group>"; };
		9260EF4120617F1700E7DD9C /* Bet.swift */ = {isa = PBXFileReference; lastKnownFileType = sourcecode.swift; path = Bet.swift; sourceTree = "<group>"; };
		92868D9120602F2900D2EEAB /* RoundersRacing.app */ = {isa = PBXFileReference; explicitFileType = wrapper.application; includeInIndex = 0; path = RoundersRacing.app; sourceTree = BUILT_PRODUCTS_DIR; };
		92868D9420602F2900D2EEAB /* AppDelegate.swift */ = {isa = PBXFileReference; lastKnownFileType = sourcecode.swift; path = AppDelegate.swift; sourceTree = "<group>"; };
		92868D9620602F2900D2EEAB /* ViewController.swift */ = {isa = PBXFileReference; lastKnownFileType = sourcecode.swift; path = ViewController.swift; sourceTree = "<group>"; };
		92868D9920602F2900D2EEAB /* Base */ = {isa = PBXFileReference; lastKnownFileType = file.storyboard; name = Base; path = Base.lproj/Main.storyboard; sourceTree = "<group>"; };
		92868D9B20602F2900D2EEAB /* Assets.xcassets */ = {isa = PBXFileReference; lastKnownFileType = folder.assetcatalog; path = Assets.xcassets; sourceTree = "<group>"; };
		92868D9E20602F2900D2EEAB /* Base */ = {isa = PBXFileReference; lastKnownFileType = file.storyboard; name = Base; path = Base.lproj/LaunchScreen.storyboard; sourceTree = "<group>"; };
		92868DA020602F2900D2EEAB /* Info.plist */ = {isa = PBXFileReference; lastKnownFileType = text.plist.xml; path = Info.plist; sourceTree = "<group>"; };
		92B3E6F92060437B00114E72 /* VideoViewController.swift */ = {isa = PBXFileReference; lastKnownFileType = sourcecode.swift; path = VideoViewController.swift; sourceTree = "<group>"; };
		92B3E6FB2060541D00114E72 /* PlaceBetViewController.swift */ = {isa = PBXFileReference; lastKnownFileType = sourcecode.swift; path = PlaceBetViewController.swift; sourceTree = "<group>"; };
		92B3E6FF2060586B00114E72 /* SharedBetManager.swift */ = {isa = PBXFileReference; lastKnownFileType = sourcecode.swift; path = SharedBetManager.swift; sourceTree = "<group>"; };
		92B3E70120607C4100114E72 /* SharedBetLogic.swift */ = {isa = PBXFileReference; lastKnownFileType = sourcecode.swift; path = SharedBetLogic.swift; sourceTree = "<group>"; };
		92B3E7032060890F00114E72 /* SelectRacerTableViewCell.swift */ = {isa = PBXFileReference; lastKnownFileType = sourcecode.swift; path = SelectRacerTableViewCell.swift; sourceTree = "<group>"; };
		A2B00ED090A383039514B79C /* Pods_RoundersRacing.framework */ = {isa = PBXFileReference; explicitFileType = wrapper.framework; includeInIndex = 0; path = Pods_RoundersRacing.framework; sourceTree = BUILT_PRODUCTS_DIR; };
		E21176D7A407D57D9C910933 /* Pods-RoundersRacing.debug.xcconfig */ = {isa = PBXFileReference; includeInIndex = 1; lastKnownFileType = text.xcconfig; name = "Pods-RoundersRacing.debug.xcconfig"; path = "Pods/Target Support Files/Pods-RoundersRacing/Pods-RoundersRacing.debug.xcconfig"; sourceTree = "<group>"; };
/* End PBXFileReference section */

/* Begin PBXFrameworksBuildPhase section */
		92868D8E20602F2900D2EEAB /* Frameworks */ = {
			isa = PBXFrameworksBuildPhase;
			buildActionMask = 2147483647;
			files = (
				B92926235A5A7A2C0B46C469 /* Pods_RoundersRacing.framework in Frameworks */,
			);
			runOnlyForDeploymentPostprocessing = 0;
		};
/* End PBXFrameworksBuildPhase section */

/* Begin PBXGroup section */
		922F0CAA2061B4F70004F4C2 /* Networking */ = {
			isa = PBXGroup;
			children = (
				9260EF3F20617A5500E7DD9C /* NetworkCommunicator.swift */,
				9260EF3D2061703800E7DD9C /* NetworkCheck.swift */,
			);
			path = Networking;
			sourceTree = "<group>";
		};
		922F0CAB2061B5050004F4C2 /* Firebase */ = {
			isa = PBXGroup;
			children = (
				9260EF2F20615A2400E7DD9C /* FirebaseAuth.swift */,
			);
			path = Firebase;
			sourceTree = "<group>";
		};
		922F0CAC2061B5130004F4C2 /* Views */ = {
			isa = PBXGroup;
			children = (
				9260EF3320615BAA00E7DD9C /* LoginScreenViewController.swift */,
				9260EF3120615AAC00E7DD9C /* NewUserViewController.swift */,
				9260EF3520615C9100E7DD9C /* ResetEmailViewController.swift */,
				92868D9620602F2900D2EEAB /* ViewController.swift */,
				9260EF3B20616B2500E7DD9C /* SettingsViewController.swift */,
				92B3E6FB2060541D00114E72 /* PlaceBetViewController.swift */,
				92B3E6F92060437B00114E72 /* VideoViewController.swift */,
			);
			path = Views;
			sourceTree = "<group>";
		};
		922F0CAD2061B5230004F4C2 /* Singletons */ = {
			isa = PBXGroup;
			children = (
				92B3E6FF2060586B00114E72 /* SharedBetManager.swift */,
				92B3E70120607C4100114E72 /* SharedBetLogic.swift */,
			);
			path = Singletons;
			sourceTree = "<group>";
		};
		922F0CAE2061B5320004F4C2 /* Objects */ = {
			isa = PBXGroup;
			children = (
				9260EF4120617F1700E7DD9C /* Bet.swift */,
				92B3E7032060890F00114E72 /* SelectRacerTableViewCell.swift */,
			);
			path = Objects;
			sourceTree = "<group>";
		};
		922F0CAF2061B5400004F4C2 /* Utilities */ = {
			isa = PBXGroup;
			children = (
				9260EF3720615CCE00E7DD9C /* Extensions.swift */,
			);
			path = Utilities;
			sourceTree = "<group>";
		};
		922F0CB02061B54B0004F4C2 /* Storyboards */ = {
			isa = PBXGroup;
			children = (
				92868D9D20602F2900D2EEAB /* LaunchScreen.storyboard */,
				92868D9820602F2900D2EEAB /* Main.storyboard */,
			);
			path = Storyboards;
			sourceTree = "<group>";
		};
		922F0CB12061B5550004F4C2 /* PLists */ = {
			isa = PBXGroup;
			children = (
				9260EF3920615E0D00E7DD9C /* GoogleService-Info.plist */,
				92868DA020602F2900D2EEAB /* Info.plist */,
			);
			path = PLists;
			sourceTree = "<group>";
		};
		92868D8820602F2900D2EEAB = {
			isa = PBXGroup;
			children = (
				92868D9320602F2900D2EEAB /* RoundersRacing */,
				92868D9B20602F2900D2EEAB /* Assets.xcassets */,
				92868D9220602F2900D2EEAB /* Products */,
				B5C9124DFD57738EFBBFBE13 /* Pods */,
				D0483B4D9A1CDE8CD5F1D6B1 /* Frameworks */,
			);
			sourceTree = "<group>";
		};
		92868D9220602F2900D2EEAB /* Products */ = {
			isa = PBXGroup;
			children = (
				92868D9120602F2900D2EEAB /* RoundersRacing.app */,
			);
			name = Products;
			sourceTree = "<group>";
		};
		92868D9320602F2900D2EEAB /* RoundersRacing */ = {
			isa = PBXGroup;
			children = (
				92868D9420602F2900D2EEAB /* AppDelegate.swift */,
				922F0CAC2061B5130004F4C2 /* Views */,
				922F0CAB2061B5050004F4C2 /* Firebase */,
				922F0CAD2061B5230004F4C2 /* Singletons */,
				922F0CAA2061B4F70004F4C2 /* Networking */,
				922F0CAE2061B5320004F4C2 /* Objects */,
				922F0CAF2061B5400004F4C2 /* Utilities */,
				922F0CB02061B54B0004F4C2 /* Storyboards */,
				922F0CB12061B5550004F4C2 /* PLists */,
			);
			path = RoundersRacing;
			sourceTree = "<group>";
		};
		B5C9124DFD57738EFBBFBE13 /* Pods */ = {
			isa = PBXGroup;
			children = (
				E21176D7A407D57D9C910933 /* Pods-RoundersRacing.debug.xcconfig */,
				76DC3FB3C12750E172D773E5 /* Pods-RoundersRacing.release.xcconfig */,
			);
			name = Pods;
			sourceTree = "<group>";
		};
		D0483B4D9A1CDE8CD5F1D6B1 /* Frameworks */ = {
			isa = PBXGroup;
			children = (
				A2B00ED090A383039514B79C /* Pods_RoundersRacing.framework */,
			);
			name = Frameworks;
			sourceTree = "<group>";
		};
/* End PBXGroup section */

/* Begin PBXNativeTarget section */
		92868D9020602F2900D2EEAB /* RoundersRacing */ = {
			isa = PBXNativeTarget;
			buildConfigurationList = 92868DA320602F2900D2EEAB /* Build configuration list for PBXNativeTarget "RoundersRacing" */;
			buildPhases = (
				24DDBC60A5990618359FCF70 /* [CP] Check Pods Manifest.lock */,
				92868D8D20602F2900D2EEAB /* Sources */,
				92868D8E20602F2900D2EEAB /* Frameworks */,
				92868D8F20602F2900D2EEAB /* Resources */,
				AD93E4A0152A308FF76C0C9A /* [CP] Embed Pods Frameworks */,
				D937AD1DBFC70E166DEA2742 /* [CP] Copy Pods Resources */,
			);
			buildRules = (
			);
			dependencies = (
			);
			name = RoundersRacing;
			productName = RoundersRacing;
			productReference = 92868D9120602F2900D2EEAB /* RoundersRacing.app */;
			productType = "com.apple.product-type.application";
		};
/* End PBXNativeTarget section */

/* Begin PBXProject section */
		92868D8920602F2900D2EEAB /* Project object */ = {
			isa = PBXProject;
			attributes = {
				LastSwiftUpdateCheck = 0920;
				LastUpgradeCheck = 0920;
				ORGANIZATIONNAME = Anthony;
				TargetAttributes = {
					92868D9020602F2900D2EEAB = {
						CreatedOnToolsVersion = 9.2;
						ProvisioningStyle = Automatic;
					};
				};
			};
			buildConfigurationList = 92868D8C20602F2900D2EEAB /* Build configuration list for PBXProject "RoundersRacing" */;
			compatibilityVersion = "Xcode 8.0";
			developmentRegion = en;
			hasScannedForEncodings = 0;
			knownRegions = (
				en,
				Base,
			);
			mainGroup = 92868D8820602F2900D2EEAB;
			productRefGroup = 92868D9220602F2900D2EEAB /* Products */;
			projectDirPath = "";
			projectRoot = "";
			targets = (
				92868D9020602F2900D2EEAB /* RoundersRacing */,
			);
		};
/* End PBXProject section */

/* Begin PBXResourcesBuildPhase section */
		92868D8F20602F2900D2EEAB /* Resources */ = {
			isa = PBXResourcesBuildPhase;
			buildActionMask = 2147483647;
			files = (
				92868D9F20602F2900D2EEAB /* LaunchScreen.storyboard in Resources */,
				92868D9C20602F2900D2EEAB /* Assets.xcassets in Resources */,
				9260EF3A20615E0D00E7DD9C /* GoogleService-Info.plist in Resources */,
				92868D9A20602F2900D2EEAB /* Main.storyboard in Resources */,
			);
			runOnlyForDeploymentPostprocessing = 0;
		};
/* End PBXResourcesBuildPhase section */

/* Begin PBXShellScriptBuildPhase section */
		24DDBC60A5990618359FCF70 /* [CP] Check Pods Manifest.lock */ = {
			isa = PBXShellScriptBuildPhase;
			buildActionMask = 2147483647;
			files = (
			);
			inputPaths = (
			);
			name = "[CP] Check Pods Manifest.lock";
			outputPaths = (
			);
			runOnlyForDeploymentPostprocessing = 0;
			shellPath = /bin/sh;
			shellScript = "diff \"${PODS_ROOT}/../Podfile.lock\" \"${PODS_ROOT}/Manifest.lock\" > /dev/null\nif [ $? != 0 ] ; then\n    # print error to STDERR\n    echo \"error: The sandbox is not in sync with the Podfile.lock. Run 'pod install' or update your CocoaPods installation.\" >&2\n    exit 1\nfi\n";
			showEnvVarsInLog = 0;
		};
		AD93E4A0152A308FF76C0C9A /* [CP] Embed Pods Frameworks */ = {
			isa = PBXShellScriptBuildPhase;
			buildActionMask = 2147483647;
			files = (
			);
			inputPaths = (
			);
			name = "[CP] Embed Pods Frameworks";
			outputPaths = (
			);
			runOnlyForDeploymentPostprocessing = 0;
			shellPath = /bin/sh;
			shellScript = "\"${SRCROOT}/Pods/Target Support Files/Pods-RoundersRacing/Pods-RoundersRacing-frameworks.sh\"\n";
			showEnvVarsInLog = 0;
		};
		D937AD1DBFC70E166DEA2742 /* [CP] Copy Pods Resources */ = {
			isa = PBXShellScriptBuildPhase;
			buildActionMask = 2147483647;
			files = (
			);
			inputPaths = (
			);
			name = "[CP] Copy Pods Resources";
			outputPaths = (
			);
			runOnlyForDeploymentPostprocessing = 0;
			shellPath = /bin/sh;
			shellScript = "\"${SRCROOT}/Pods/Target Support Files/Pods-RoundersRacing/Pods-RoundersRacing-resources.sh\"\n";
			showEnvVarsInLog = 0;
		};
/* End PBXShellScriptBuildPhase section */

/* Begin PBXSourcesBuildPhase section */
		92868D8D20602F2900D2EEAB /* Sources */ = {
			isa = PBXSourcesBuildPhase;
			buildActionMask = 2147483647;
			files = (
				9260EF3020615A2400E7DD9C /* FirebaseAuth.swift in Sources */,
				9260EF3E2061703800E7DD9C /* NetworkCheck.swift in Sources */,
				92B3E7002060586B00114E72 /* SharedBetManager.swift in Sources */,
				92868D9720602F2900D2EEAB /* ViewController.swift in Sources */,
				92B3E70220607C4100114E72 /* SharedBetLogic.swift in Sources */,
				9260EF4020617A5500E7DD9C /* NetworkCommunicator.swift in Sources */,
				92868D9520602F2900D2EEAB /* AppDelegate.swift in Sources */,
				9260EF3620615C9100E7DD9C /* ResetEmailViewController.swift in Sources */,
				92B3E7042060890F00114E72 /* SelectRacerTableViewCell.swift in Sources */,
				9260EF3820615CCE00E7DD9C /* Extensions.swift in Sources */,
				92B3E6FC2060541D00114E72 /* PlaceBetViewController.swift in Sources */,
				9260EF3220615AAC00E7DD9C /* NewUserViewController.swift in Sources */,
				9260EF3C20616B2500E7DD9C /* SettingsViewController.swift in Sources */,
				9260EF3420615BAA00E7DD9C /* LoginScreenViewController.swift in Sources */,
				92B3E6FA2060437B00114E72 /* VideoViewController.swift in Sources */,
				9260EF4220617F1700E7DD9C /* Bet.swift in Sources */,
			);
			runOnlyForDeploymentPostprocessing = 0;
		};
/* End PBXSourcesBuildPhase section */

/* Begin PBXVariantGroup section */
		92868D9820602F2900D2EEAB /* Main.storyboard */ = {
			isa = PBXVariantGroup;
			children = (
				92868D9920602F2900D2EEAB /* Base */,
			);
			name = Main.storyboard;
			sourceTree = "<group>";
		};
		92868D9D20602F2900D2EEAB /* LaunchScreen.storyboard */ = {
			isa = PBXVariantGroup;
			children = (
				92868D9E20602F2900D2EEAB /* Base */,
			);
			name = LaunchScreen.storyboard;
			sourceTree = "<group>";
		};
/* End PBXVariantGroup section */

/* Begin XCBuildConfiguration section */
		92868DA120602F2900D2EEAB /* Debug */ = {
			isa = XCBuildConfiguration;
			buildSettings = {
				ALWAYS_SEARCH_USER_PATHS = NO;
				CLANG_ANALYZER_NONNULL = YES;
				CLANG_ANALYZER_NUMBER_OBJECT_CONVERSION = YES_AGGRESSIVE;
				CLANG_CXX_LANGUAGE_STANDARD = "gnu++14";
				CLANG_CXX_LIBRARY = "libc++";
				CLANG_ENABLE_MODULES = YES;
				CLANG_ENABLE_OBJC_ARC = YES;
				CLANG_WARN_BLOCK_CAPTURE_AUTORELEASING = YES;
				CLANG_WARN_BOOL_CONVERSION = YES;
				CLANG_WARN_COMMA = YES;
				CLANG_WARN_CONSTANT_CONVERSION = YES;
				CLANG_WARN_DIRECT_OBJC_ISA_USAGE = YES_ERROR;
				CLANG_WARN_DOCUMENTATION_COMMENTS = YES;
				CLANG_WARN_EMPTY_BODY = YES;
				CLANG_WARN_ENUM_CONVERSION = YES;
				CLANG_WARN_INFINITE_RECURSION = YES;
				CLANG_WARN_INT_CONVERSION = YES;
				CLANG_WARN_NON_LITERAL_NULL_CONVERSION = YES;
				CLANG_WARN_OBJC_LITERAL_CONVERSION = YES;
				CLANG_WARN_OBJC_ROOT_CLASS = YES_ERROR;
				CLANG_WARN_RANGE_LOOP_ANALYSIS = YES;
				CLANG_WARN_STRICT_PROTOTYPES = YES;
				CLANG_WARN_SUSPICIOUS_MOVE = YES;
				CLANG_WARN_UNGUARDED_AVAILABILITY = YES_AGGRESSIVE;
				CLANG_WARN_UNREACHABLE_CODE = YES;
				CLANG_WARN__DUPLICATE_METHOD_MATCH = YES;
				CODE_SIGN_IDENTITY = "iPhone Developer";
				COPY_PHASE_STRIP = NO;
				DEBUG_INFORMATION_FORMAT = dwarf;
				ENABLE_STRICT_OBJC_MSGSEND = YES;
				ENABLE_TESTABILITY = YES;
				GCC_C_LANGUAGE_STANDARD = gnu11;
				GCC_DYNAMIC_NO_PIC = NO;
				GCC_NO_COMMON_BLOCKS = YES;
				GCC_OPTIMIZATION_LEVEL = 0;
				GCC_PREPROCESSOR_DEFINITIONS = (
					"DEBUG=1",
					"$(inherited)",
				);
				GCC_WARN_64_TO_32_BIT_CONVERSION = YES;
				GCC_WARN_ABOUT_RETURN_TYPE = YES_ERROR;
				GCC_WARN_UNDECLARED_SELECTOR = YES;
				GCC_WARN_UNINITIALIZED_AUTOS = YES_AGGRESSIVE;
				GCC_WARN_UNUSED_FUNCTION = YES;
				GCC_WARN_UNUSED_VARIABLE = YES;
				IPHONEOS_DEPLOYMENT_TARGET = 11.2;
				MTL_ENABLE_DEBUG_INFO = YES;
				ONLY_ACTIVE_ARCH = YES;
				SDKROOT = iphoneos;
				SWIFT_ACTIVE_COMPILATION_CONDITIONS = DEBUG;
				SWIFT_OPTIMIZATION_LEVEL = "-Onone";
			};
			name = Debug;
		};
		92868DA220602F2900D2EEAB /* Release */ = {
			isa = XCBuildConfiguration;
			buildSettings = {
				ALWAYS_SEARCH_USER_PATHS = NO;
				CLANG_ANALYZER_NONNULL = YES;
				CLANG_ANALYZER_NUMBER_OBJECT_CONVERSION = YES_AGGRESSIVE;
				CLANG_CXX_LANGUAGE_STANDARD = "gnu++14";
				CLANG_CXX_LIBRARY = "libc++";
				CLANG_ENABLE_MODULES = YES;
				CLANG_ENABLE_OBJC_ARC = YES;
				CLANG_WARN_BLOCK_CAPTURE_AUTORELEASING = YES;
				CLANG_WARN_BOOL_CONVERSION = YES;
				CLANG_WARN_COMMA = YES;
				CLANG_WARN_CONSTANT_CONVERSION = YES;
				CLANG_WARN_DIRECT_OBJC_ISA_USAGE = YES_ERROR;
				CLANG_WARN_DOCUMENTATION_COMMENTS = YES;
				CLANG_WARN_EMPTY_BODY = YES;
				CLANG_WARN_ENUM_CONVERSION = YES;
				CLANG_WARN_INFINITE_RECURSION = YES;
				CLANG_WARN_INT_CONVERSION = YES;
				CLANG_WARN_NON_LITERAL_NULL_CONVERSION = YES;
				CLANG_WARN_OBJC_LITERAL_CONVERSION = YES;
				CLANG_WARN_OBJC_ROOT_CLASS = YES_ERROR;
				CLANG_WARN_RANGE_LOOP_ANALYSIS = YES;
				CLANG_WARN_STRICT_PROTOTYPES = YES;
				CLANG_WARN_SUSPICIOUS_MOVE = YES;
				CLANG_WARN_UNGUARDED_AVAILABILITY = YES_AGGRESSIVE;
				CLANG_WARN_UNREACHABLE_CODE = YES;
				CLANG_WARN__DUPLICATE_METHOD_MATCH = YES;
				CODE_SIGN_IDENTITY = "iPhone Developer";
				COPY_PHASE_STRIP = NO;
				DEBUG_INFORMATION_FORMAT = "dwarf-with-dsym";
				ENABLE_NS_ASSERTIONS = NO;
				ENABLE_STRICT_OBJC_MSGSEND = YES;
				GCC_C_LANGUAGE_STANDARD = gnu11;
				GCC_NO_COMMON_BLOCKS = YES;
				GCC_WARN_64_TO_32_BIT_CONVERSION = YES;
				GCC_WARN_ABOUT_RETURN_TYPE = YES_ERROR;
				GCC_WARN_UNDECLARED_SELECTOR = YES;
				GCC_WARN_UNINITIALIZED_AUTOS = YES_AGGRESSIVE;
				GCC_WARN_UNUSED_FUNCTION = YES;
				GCC_WARN_UNUSED_VARIABLE = YES;
				IPHONEOS_DEPLOYMENT_TARGET = 11.2;
				MTL_ENABLE_DEBUG_INFO = NO;
				SDKROOT = iphoneos;
				SWIFT_OPTIMIZATION_LEVEL = "-Owholemodule";
				VALIDATE_PRODUCT = YES;
			};
			name = Release;
		};
		92868DA420602F2900D2EEAB /* Debug */ = {
			isa = XCBuildConfiguration;
			baseConfigurationReference = E21176D7A407D57D9C910933 /* Pods-RoundersRacing.debug.xcconfig */;
			buildSettings = {
				ASSETCATALOG_COMPILER_APPICON_NAME = AppIcon;
				CODE_SIGN_STYLE = Automatic;
				DEVELOPMENT_TEAM = 92AXCX858Q;
				INFOPLIST_FILE = "$(SRCROOT)/RoundersRacing/PLists/Info.plist";
				LD_RUNPATH_SEARCH_PATHS = "$(inherited) @executable_path/Frameworks";
				PRODUCT_BUNDLE_IDENTIFIER = com.RoundersRacing;
				PRODUCT_NAME = "$(TARGET_NAME)";
				SWIFT_VERSION = 4.0;
				TARGETED_DEVICE_FAMILY = "1,2";
			};
			name = Debug;
		};
		92868DA520602F2900D2EEAB /* Release */ = {
			isa = XCBuildConfiguration;
			baseConfigurationReference = 76DC3FB3C12750E172D773E5 /* Pods-RoundersRacing.release.xcconfig */;
			buildSettings = {
				ASSETCATALOG_COMPILER_APPICON_NAME = AppIcon;
				CODE_SIGN_STYLE = Automatic;
				DEVELOPMENT_TEAM = 92AXCX858Q;
				INFOPLIST_FILE = "$(SRCROOT)/RoundersRacing/PLists/Info.plist";
				LD_RUNPATH_SEARCH_PATHS = "$(inherited) @executable_path/Frameworks";
				PRODUCT_BUNDLE_IDENTIFIER = com.RoundersRacing;
				PRODUCT_NAME = "$(TARGET_NAME)";
				SWIFT_VERSION = 4.0;
				TARGETED_DEVICE_FAMILY = "1,2";
			};
			name = Release;
		};
/* End XCBuildConfiguration section */

/* Begin XCConfigurationList section */
		92868D8C20602F2900D2EEAB /* Build configuration list for PBXProject "RoundersRacing" */ = {
			isa = XCConfigurationList;
			buildConfigurations = (
				92868DA120602F2900D2EEAB /* Debug */,
				92868DA220602F2900D2EEAB /* Release */,
			);
			defaultConfigurationIsVisible = 0;
			defaultConfigurationName = Release;
		};
		92868DA320602F2900D2EEAB /* Build configuration list for PBXNativeTarget "RoundersRacing" */ = {
			isa = XCConfigurationList;
			buildConfigurations = (
				92868DA420602F2900D2EEAB /* Debug */,
				92868DA520602F2900D2EEAB /* Release */,
			);
			defaultConfigurationIsVisible = 0;
			defaultConfigurationName = Release;
		};
/* End XCConfigurationList section */
	};
	rootObject = 92868D8920602F2900D2EEAB /* Project object */;
}
